
Microsoft Visual Studio Solution File, Format Version 12.00
# Visual Studio 15
VisualStudioVersion = 15.0.26124.0
MinimumVisualStudioVersion = 15.0.26124.0
Project("{2150E333-8FDC-42A3-9474-1A3956D46DE8}") = "src", "src", "{AC0A6BD8-B415-4A08-95F8-AF98C1A7B9A4}"
EndProject
Project("{FAE04EC0-301F-11D3-BF4B-00C04F79EFBC}") = "AutoList.Core", "src\AutoList.Core\AutoList.Core.csproj", "{7D23C368-7D4D-4744-A6C3-753DFB5900FF}"
EndProject
Project("{2150E333-8FDC-42A3-9474-1A3956D46DE8}") = "tests", "tests", "{4F437A94-20A2-4564-B5BA-E2B82668A396}"
EndProject
Project("{FAE04EC0-301F-11D3-BF4B-00C04F79EFBC}") = "AutoList.Web", "src\AutoList.Web\AutoList.Web.csproj", "{68CDD5AF-282C-44CF-B33F-5D88E18F39AE}"
EndProject
Project("{FAE04EC0-301F-11D3-BF4B-00C04F79EFBC}") = "AutoList.Web.Tests", "tests\AutoList.Web.Tests\AutoList.Web.Tests.csproj", "{B5A9659F-CBFA-4F50-AAB6-7FA1DC4976C4}"
EndProject
Project("{FAE04EC0-301F-11D3-BF4B-00C04F79EFBC}") = "AutoList.Core.Tests", "tests\AutoList.Core.Tests\AutoList.Core.Tests.csproj", "{0E7ACCA7-FFFF-45B2-B0F6-3F4090C59C9C}"
EndProject
Global
	GlobalSection(SolutionConfigurationPlatforms) = preSolution
		Debug|Any CPU = Debug|Any CPU
		Debug|x64 = Debug|x64
		Debug|x86 = Debug|x86
		Release|Any CPU = Release|Any CPU
		Release|x64 = Release|x64
		Release|x86 = Release|x86
	EndGlobalSection
	GlobalSection(SolutionProperties) = preSolution
		HideSolutionNode = FALSE
	EndGlobalSection
	GlobalSection(ProjectConfigurationPlatforms) = postSolution
		{7D23C368-7D4D-4744-A6C3-753DFB5900FF}.Debug|Any CPU.ActiveCfg = Debug|Any CPU
		{7D23C368-7D4D-4744-A6C3-753DFB5900FF}.Debug|Any CPU.Build.0 = Debug|Any CPU
		{7D23C368-7D4D-4744-A6C3-753DFB5900FF}.Debug|x64.ActiveCfg = Debug|Any CPU
		{7D23C368-7D4D-4744-A6C3-753DFB5900FF}.Debug|x64.Build.0 = Debug|Any CPU
		{7D23C368-7D4D-4744-A6C3-753DFB5900FF}.Debug|x86.ActiveCfg = Debug|Any CPU
		{7D23C368-7D4D-4744-A6C3-753DFB5900FF}.Debug|x86.Build.0 = Debug|Any CPU
		{7D23C368-7D4D-4744-A6C3-753DFB5900FF}.Release|Any CPU.ActiveCfg = Release|Any CPU
		{7D23C368-7D4D-4744-A6C3-753DFB5900FF}.Release|Any CPU.Build.0 = Release|Any CPU
		{7D23C368-7D4D-4744-A6C3-753DFB5900FF}.Release|x64.ActiveCfg = Release|Any CPU
		{7D23C368-7D4D-4744-A6C3-753DFB5900FF}.Release|x64.Build.0 = Release|Any CPU
		{7D23C368-7D4D-4744-A6C3-753DFB5900FF}.Release|x86.ActiveCfg = Release|Any CPU
		{7D23C368-7D4D-4744-A6C3-753DFB5900FF}.Release|x86.Build.0 = Release|Any CPU
		{68CDD5AF-282C-44CF-B33F-5D88E18F39AE}.Debug|Any CPU.ActiveCfg = Debug|Any CPU
		{68CDD5AF-282C-44CF-B33F-5D88E18F39AE}.Debug|Any CPU.Build.0 = Debug|Any CPU
		{68CDD5AF-282C-44CF-B33F-5D88E18F39AE}.Debug|x64.ActiveCfg = Debug|Any CPU
		{68CDD5AF-282C-44CF-B33F-5D88E18F39AE}.Debug|x64.Build.0 = Debug|Any CPU
		{68CDD5AF-282C-44CF-B33F-5D88E18F39AE}.Debug|x86.ActiveCfg = Debug|Any CPU
		{68CDD5AF-282C-44CF-B33F-5D88E18F39AE}.Debug|x86.Build.0 = Debug|Any CPU
		{68CDD5AF-282C-44CF-B33F-5D88E18F39AE}.Release|Any CPU.ActiveCfg = Release|Any CPU
		{68CDD5AF-282C-44CF-B33F-5D88E18F39AE}.Release|Any CPU.Build.0 = Release|Any CPU
		{68CDD5AF-282C-44CF-B33F-5D88E18F39AE}.Release|x64.ActiveCfg = Release|Any CPU
		{68CDD5AF-282C-44CF-B33F-5D88E18F39AE}.Release|x64.Build.0 = Release|Any CPU
		{68CDD5AF-282C-44CF-B33F-5D88E18F39AE}.Release|x86.ActiveCfg = Release|Any CPU
		{68CDD5AF-282C-44CF-B33F-5D88E18F39AE}.Release|x86.Build.0 = Release|Any CPU
		{B5A9659F-CBFA-4F50-AAB6-7FA1DC4976C4}.Debug|Any CPU.ActiveCfg = Debug|Any CPU
		{B5A9659F-CBFA-4F50-AAB6-7FA1DC4976C4}.Debug|Any CPU.Build.0 = Debug|Any CPU
		{B5A9659F-CBFA-4F50-AAB6-7FA1DC4976C4}.Debug|x64.ActiveCfg = Debug|Any CPU
		{B5A9659F-CBFA-4F50-AAB6-7FA1DC4976C4}.Debug|x64.Build.0 = Debug|Any CPU
		{B5A9659F-CBFA-4F50-AAB6-7FA1DC4976C4}.Debug|x86.ActiveCfg = Debug|Any CPU
		{B5A9659F-CBFA-4F50-AAB6-7FA1DC4976C4}.Debug|x86.Build.0 = Debug|Any CPU
		{B5A9659F-CBFA-4F50-AAB6-7FA1DC4976C4}.Release|Any CPU.ActiveCfg = Release|Any CPU
		{B5A9659F-CBFA-4F50-AAB6-7FA1DC4976C4}.Release|Any CPU.Build.0 = Release|Any CPU
		{B5A9659F-CBFA-4F50-AAB6-7FA1DC4976C4}.Release|x64.ActiveCfg = Release|Any CPU
		{B5A9659F-CBFA-4F50-AAB6-7FA1DC4976C4}.Release|x64.Build.0 = Release|Any CPU
		{B5A9659F-CBFA-4F50-AAB6-7FA1DC4976C4}.Release|x86.ActiveCfg = Release|Any CPU
		{B5A9659F-CBFA-4F50-AAB6-7FA1DC4976C4}.Release|x86.Build.0 = Release|Any CPU
		{0E7ACCA7-FFFF-45B2-B0F6-3F4090C59C9C}.Debug|Any CPU.ActiveCfg = Debug|Any CPU
		{0E7ACCA7-FFFF-45B2-B0F6-3F4090C59C9C}.Debug|Any CPU.Build.0 = Debug|Any CPU
		{0E7ACCA7-FFFF-45B2-B0F6-3F4090C59C9C}.Debug|x64.ActiveCfg = Debug|Any CPU
		{0E7ACCA7-FFFF-45B2-B0F6-3F4090C59C9C}.Debug|x64.Build.0 = Debug|Any CPU
		{0E7ACCA7-FFFF-45B2-B0F6-3F4090C59C9C}.Debug|x86.ActiveCfg = Debug|Any CPU
		{0E7ACCA7-FFFF-45B2-B0F6-3F4090C59C9C}.Debug|x86.Build.0 = Debug|Any CPU
		{0E7ACCA7-FFFF-45B2-B0F6-3F4090C59C9C}.Release|Any CPU.ActiveCfg = Release|Any CPU
		{0E7ACCA7-FFFF-45B2-B0F6-3F4090C59C9C}.Release|Any CPU.Build.0 = Release|Any CPU
		{0E7ACCA7-FFFF-45B2-B0F6-3F4090C59C9C}.Release|x64.ActiveCfg = Release|Any CPU
		{0E7ACCA7-FFFF-45B2-B0F6-3F4090C59C9C}.Release|x64.Build.0 = Release|Any CPU
		{0E7ACCA7-FFFF-45B2-B0F6-3F4090C59C9C}.Release|x86.ActiveCfg = Release|Any CPU
		{0E7ACCA7-FFFF-45B2-B0F6-3F4090C59C9C}.Release|x86.Build.0 = Release|Any CPU
	EndGlobalSection
	GlobalSection(NestedProjects) = preSolution
		{7D23C368-7D4D-4744-A6C3-753DFB5900FF} = {AC0A6BD8-B415-4A08-95F8-AF98C1A7B9A4}
		{68CDD5AF-282C-44CF-B33F-5D88E18F39AE} = {AC0A6BD8-B415-4A08-95F8-AF98C1A7B9A4}
		{B5A9659F-CBFA-4F50-AAB6-7FA1DC4976C4} = {4F437A94-20A2-4564-B5BA-E2B82668A396}
		{0E7ACCA7-FFFF-45B2-B0F6-3F4090C59C9C} = {4F437A94-20A2-4564-B5BA-E2B82668A396}
	EndGlobalSection
EndGlobal
